
Microsoft Visual Studio Solution File, Format Version 12.00
# Visual Studio Version 17
VisualStudioVersion = 17.7.34202.233
MinimumVisualStudioVersion = 10.0.40219.1
Project("{FAE04EC0-301F-11D3-BF4B-00C04F79EFBC}") = "PersonsInfo", "PersonsInfo\PersonsInfo.csproj", "{BED72CDE-0D83-462A-9AFA-5C27F3AD5DEC}"
EndProject
Global
	GlobalSection(SolutionConfigurationPlatforms) = preSolution
		Debug|Any CPU = Debug|Any CPU
		Release|Any CPU = Release|Any CPU
	EndGlobalSection
	GlobalSection(ProjectConfigurationPlatforms) = postSolution
		{BED72CDE-0D83-462A-9AFA-5C27F3AD5DEC}.Debug|Any CPU.ActiveCfg = Debug|Any CPU
		{BED72CDE-0D83-462A-9AFA-5C27F3AD5DEC}.Debug|Any CPU.Build.0 = Debug|Any CPU
		{BED72CDE-0D83-462A-9AFA-5C27F3AD5DEC}.Release|Any CPU.ActiveCfg = Release|Any CPU
		{BED72CDE-0D83-462A-9AFA-5C27F3AD5DEC}.Release|Any CPU.Build.0 = Release|Any CPU
	EndGlobalSection
	GlobalSection(SolutionProperties) = preSolution
		HideSolutionNode = FALSE
	EndGlobalSection
	GlobalSection(ExtensibilityGlobals) = postSolution
		SolutionGuid = {115BD225-CB9D-413F-A325-82610612611E}
	EndGlobalSection
EndGlobal
